
Microsoft Visual Studio Solution File, Format Version 12.00
# Visual Studio Version 16
VisualStudioVersion = 16.0.30517.126
MinimumVisualStudioVersion = 10.0.40219.1
Project("{9A19103F-16F7-4668-BE54-9A1E7A4F7556}") = "GestorFicheiros", "TesteProgramacao2\GestorFicheiros.csproj", "{D3DDBE84-BCEA-4216-8BD2-42F9C39155E8}"
EndProject
Global
	GlobalSection(SolutionConfigurationPlatforms) = preSolution
		Debug|Any CPU = Debug|Any CPU
		Release|Any CPU = Release|Any CPU
	EndGlobalSection
	GlobalSection(ProjectConfigurationPlatforms) = postSolution
		{D3DDBE84-BCEA-4216-8BD2-42F9C39155E8}.Debug|Any CPU.ActiveCfg = Debug|Any CPU
		{D3DDBE84-BCEA-4216-8BD2-42F9C39155E8}.Debug|Any CPU.Build.0 = Debug|Any CPU
		{D3DDBE84-BCEA-4216-8BD2-42F9C39155E8}.Release|Any CPU.ActiveCfg = Release|Any CPU
		{D3DDBE84-BCEA-4216-8BD2-42F9C39155E8}.Release|Any CPU.Build.0 = Release|Any CPU
	EndGlobalSection
	GlobalSection(SolutionProperties) = preSolution
		HideSolutionNode = FALSE
	EndGlobalSection
	GlobalSection(ExtensibilityGlobals) = postSolution
		SolutionGuid = {B5F2FFF8-F737-45C6-B272-5AC74A99F3F2}
	EndGlobalSection
EndGlobal
